%{"earmark": {:hex, :earmark, "1.0.2", "a0b0904d74ecc14da8bd2e6e0248e1a409a2bc91aade75fcf428125603de3853", [:mix], []},
  "ex_doc": {:hex, :ex_doc, "0.14.3", "e61cec6cf9731d7d23d254266ab06ac1decbb7651c3d1568402ec535d387b6f7", [:mix], [{:earmark, "~> 1.0", [hex: :earmark, optional: false]}]},
  "gpb": {:hex, :gpb, "3.26.4", "d7abdeb17cf226f29bbc3bfbbe14281f35fdb34d6fb13a12819334af3d1af73f", [:rebar, :make], []}}
