%{"earmark": {:hex, :earmark, "0.1.17", "a2269e72ff85501bdb58c2de9edc0a9a17a4be2757883eed1f601b30494ed2bf", [:mix], []},
  "ex_doc": {:hex, :ex_doc, "0.9.0", "e59f4550dc78a07b1d3d81b8728fda772cfb0d54bccf1d7e6bcaab32c01c1f3a", [:mix], [{:earmark, "~> 0.1.17 or ~> 0.2", [hex: :earmark, optional: true]}]},
  "gpb": {:hex, :gpb, "3.19.0", "97518b9efa501a73d4a8d4f032bc6f7888391cca76ee67c14c765a7f1598d99e", [:rebar, :make], []}}
